// !$*UTF8*$!
{
	archiveVersion = 1;
	classes = {
	};
	objectVersion = 56;
	objects = {

/* Begin PBXBuildFile section */
		7588D0372B655EBB00E0B966 /* GameController.swift in Sources */ = {isa = PBXBuildFile; fileRef = 7588D0362B655EBB00E0B966 /* GameController.swift */; };
		7588D03A2B6563E300E0B966 /* success.mp3 in Resources */ = {isa = PBXBuildFile; fileRef = 7588D0392B6563E300E0B966 /* success.mp3 */; };
		7588D03C2B65652A00E0B966 /* fail.mp3 in Resources */ = {isa = PBXBuildFile; fileRef = 7588D03B2B65652A00E0B966 /* fail.mp3 */; };
		75ADB1F72B5FEA9F001CFA08 /* SpeechRecognition.swift in Sources */ = {isa = PBXBuildFile; fileRef = 75ADB1F62B5FEA9F001CFA08 /* SpeechRecognition.swift */; };
		75ADB1F92B60B0C7001CFA08 /* SampleSpeakController.swift in Sources */ = {isa = PBXBuildFile; fileRef = 75ADB1F82B60B0C7001CFA08 /* SampleSpeakController.swift */; };
		75BC1D992B5E68E200F629C6 /* NiuNiuSayApp.swift in Sources */ = {isa = PBXBuildFile; fileRef = 75BC1D982B5E68E200F629C6 /* NiuNiuSayApp.swift */; };
		75BC1D9B2B5E68E200F629C6 /* ContentView.swift in Sources */ = {isa = PBXBuildFile; fileRef = 75BC1D9A2B5E68E200F629C6 /* ContentView.swift */; };
		75BC1D9D2B5E68E300F629C6 /* Assets.xcassets in Resources */ = {isa = PBXBuildFile; fileRef = 75BC1D9C2B5E68E300F629C6 /* Assets.xcassets */; };
		75BC1DA02B5E68E300F629C6 /* Preview Assets.xcassets in Resources */ = {isa = PBXBuildFile; fileRef = 75BC1D9F2B5E68E300F629C6 /* Preview Assets.xcassets */; };
		75BC1DAA2B5E68E300F629C6 /* NiuNiuSayTests.swift in Sources */ = {isa = PBXBuildFile; fileRef = 75BC1DA92B5E68E300F629C6 /* NiuNiuSayTests.swift */; };
		75BC1DB42B5E68E300F629C6 /* NiuNiuSayUITests.swift in Sources */ = {isa = PBXBuildFile; fileRef = 75BC1DB32B5E68E300F629C6 /* NiuNiuSayUITests.swift */; };
		75BC1DB62B5E68E300F629C6 /* NiuNiuSayUITestsLaunchTests.swift in Sources */ = {isa = PBXBuildFile; fileRef = 75BC1DB52B5E68E300F629C6 /* NiuNiuSayUITestsLaunchTests.swift */; };
		75BC1DC52B5E787E00F629C6 /* RecorderController.swift in Sources */ = {isa = PBXBuildFile; fileRef = 75BC1DC42B5E787E00F629C6 /* RecorderController.swift */; };
		75BC1DC72B5E793500F629C6 /* RecorderDeligate.swift in Sources */ = {isa = PBXBuildFile; fileRef = 75BC1DC62B5E793500F629C6 /* RecorderDeligate.swift */; };
		75BC1DC92B5E97AE00F629C6 /* Buttons.swift in Sources */ = {isa = PBXBuildFile; fileRef = 75BC1DC82B5E97AE00F629C6 /* Buttons.swift */; };
		75BC1DCB2B5E981300F629C6 /* PlayerController.swift in Sources */ = {isa = PBXBuildFile; fileRef = 75BC1DCA2B5E981300F629C6 /* PlayerController.swift */; };
		75BC1DCD2B5E99CA00F629C6 /* GlobalParams.swift in Sources */ = {isa = PBXBuildFile; fileRef = 75BC1DCC2B5E99CA00F629C6 /* GlobalParams.swift */; };
/* End PBXBuildFile section */

/* Begin PBXContainerItemProxy section */
		75BC1DA62B5E68E300F629C6 /* PBXContainerItemProxy */ = {
			isa = PBXContainerItemProxy;
			containerPortal = 75BC1D8D2B5E68E200F629C6 /* Project object */;
			proxyType = 1;
			remoteGlobalIDString = 75BC1D942B5E68E200F629C6;
			remoteInfo = NiuNiuSay;
		};
		75BC1DB02B5E68E300F629C6 /* PBXContainerItemProxy */ = {
			isa = PBXContainerItemProxy;
			containerPortal = 75BC1D8D2B5E68E200F629C6 /* Project object */;
			proxyType = 1;
			remoteGlobalIDString = 75BC1D942B5E68E200F629C6;
			remoteInfo = NiuNiuSay;
		};
/* End PBXContainerItemProxy section */

/* Begin PBXFileReference section */
		7588D0362B655EBB00E0B966 /* GameController.swift */ = {isa = PBXFileReference; lastKnownFileType = sourcecode.swift; path = GameController.swift; sourceTree = "<group>"; };
		7588D0392B6563E300E0B966 /* success.mp3 */ = {isa = PBXFileReference; lastKnownFileType = audio.mp3; path = success.mp3; sourceTree = "<group>"; };
		7588D03B2B65652A00E0B966 /* fail.mp3 */ = {isa = PBXFileReference; lastKnownFileType = audio.mp3; path = fail.mp3; sourceTree = "<group>"; };
		75ADB1F62B5FEA9F001CFA08 /* SpeechRecognition.swift */ = {isa = PBXFileReference; lastKnownFileType = sourcecode.swift; path = SpeechRecognition.swift; sourceTree = "<group>"; };
		75ADB1F82B60B0C7001CFA08 /* SampleSpeakController.swift */ = {isa = PBXFileReference; lastKnownFileType = sourcecode.swift; path = SampleSpeakController.swift; sourceTree = "<group>"; };
		75BC1D952B5E68E200F629C6 /* NiuNiuSay.app */ = {isa = PBXFileReference; explicitFileType = wrapper.application; includeInIndex = 0; path = NiuNiuSay.app; sourceTree = BUILT_PRODUCTS_DIR; };
		75BC1D982B5E68E200F629C6 /* NiuNiuSayApp.swift */ = {isa = PBXFileReference; lastKnownFileType = sourcecode.swift; path = NiuNiuSayApp.swift; sourceTree = "<group>"; };
		75BC1D9A2B5E68E200F629C6 /* ContentView.swift */ = {isa = PBXFileReference; lastKnownFileType = sourcecode.swift; path = ContentView.swift; sourceTree = "<group>"; };
		75BC1D9C2B5E68E300F629C6 /* Assets.xcassets */ = {isa = PBXFileReference; lastKnownFileType = folder.assetcatalog; path = Assets.xcassets; sourceTree = "<group>"; };
		75BC1D9F2B5E68E300F629C6 /* Preview Assets.xcassets */ = {isa = PBXFileReference; lastKnownFileType = folder.assetcatalog; path = "Preview Assets.xcassets"; sourceTree = "<group>"; };
		75BC1DA52B5E68E300F629C6 /* NiuNiuSayTests.xctest */ = {isa = PBXFileReference; explicitFileType = wrapper.cfbundle; includeInIndex = 0; path = NiuNiuSayTests.xctest; sourceTree = BUILT_PRODUCTS_DIR; };
		75BC1DA92B5E68E300F629C6 /* NiuNiuSayTests.swift */ = {isa = PBXFileReference; lastKnownFileType = sourcecode.swift; path = NiuNiuSayTests.swift; sourceTree = "<group>"; };
		75BC1DAF2B5E68E300F629C6 /* NiuNiuSayUITests.xctest */ = {isa = PBXFileReference; explicitFileType = wrapper.cfbundle; includeInIndex = 0; path = NiuNiuSayUITests.xctest; sourceTree = BUILT_PRODUCTS_DIR; };
		75BC1DB32B5E68E300F629C6 /* NiuNiuSayUITests.swift */ = {isa = PBXFileReference; lastKnownFileType = sourcecode.swift; path = NiuNiuSayUITests.swift; sourceTree = "<group>"; };
		75BC1DB52B5E68E300F629C6 /* NiuNiuSayUITestsLaunchTests.swift */ = {isa = PBXFileReference; lastKnownFileType = sourcecode.swift; path = NiuNiuSayUITestsLaunchTests.swift; sourceTree = "<group>"; };
		75BC1DC42B5E787E00F629C6 /* RecorderController.swift */ = {isa = PBXFileReference; lastKnownFileType = sourcecode.swift; path = RecorderController.swift; sourceTree = "<group>"; };
		75BC1DC62B5E793500F629C6 /* RecorderDeligate.swift */ = {isa = PBXFileReference; lastKnownFileType = sourcecode.swift; path = RecorderDeligate.swift; sourceTree = "<group>"; };
		75BC1DC82B5E97AE00F629C6 /* Buttons.swift */ = {isa = PBXFileReference; lastKnownFileType = sourcecode.swift; path = Buttons.swift; sourceTree = "<group>"; };
		75BC1DCA2B5E981300F629C6 /* PlayerController.swift */ = {isa = PBXFileReference; lastKnownFileType = sourcecode.swift; path = PlayerController.swift; sourceTree = "<group>"; };
		75BC1DCC2B5E99CA00F629C6 /* GlobalParams.swift */ = {isa = PBXFileReference; lastKnownFileType = sourcecode.swift; path = GlobalParams.swift; sourceTree = "<group>"; };
		75BC1DD02B5EAE3300F629C6 /* Info.plist */ = {isa = PBXFileReference; lastKnownFileType = text.plist; path = Info.plist; sourceTree = "<group>"; };
/* End PBXFileReference section */

/* Begin PBXFrameworksBuildPhase section */
		75BC1D922B5E68E200F629C6 /* Frameworks */ = {
			isa = PBXFrameworksBuildPhase;
			buildActionMask = 2147483647;
			files = (
			);
			runOnlyForDeploymentPostprocessing = 0;
		};
		75BC1DA22B5E68E300F629C6 /* Frameworks */ = {
			isa = PBXFrameworksBuildPhase;
			buildActionMask = 2147483647;
			files = (
			);
			runOnlyForDeploymentPostprocessing = 0;
		};
		75BC1DAC2B5E68E300F629C6 /* Frameworks */ = {
			isa = PBXFrameworksBuildPhase;
			buildActionMask = 2147483647;
			files = (
			);
			runOnlyForDeploymentPostprocessing = 0;
		};
/* End PBXFrameworksBuildPhase section */

/* Begin PBXGroup section */
		7588D0382B6563BC00E0B966 /* sound */ = {
			isa = PBXGroup;
			children = (
				7588D03B2B65652A00E0B966 /* fail.mp3 */,
				7588D0392B6563E300E0B966 /* success.mp3 */,
			);
			path = sound;
			sourceTree = "<group>";
		};
		75BC1D8C2B5E68E200F629C6 = {
			isa = PBXGroup;
			children = (
				75BC1D972B5E68E200F629C6 /* NiuNiuSay */,
				75BC1DA82B5E68E300F629C6 /* NiuNiuSayTests */,
				75BC1DB22B5E68E300F629C6 /* NiuNiuSayUITests */,
				75BC1D962B5E68E200F629C6 /* Products */,
			);
			sourceTree = "<group>";
		};
		75BC1D962B5E68E200F629C6 /* Products */ = {
			isa = PBXGroup;
			children = (
				75BC1D952B5E68E200F629C6 /* NiuNiuSay.app */,
				75BC1DA52B5E68E300F629C6 /* NiuNiuSayTests.xctest */,
				75BC1DAF2B5E68E300F629C6 /* NiuNiuSayUITests.xctest */,
			);
			name = Products;
			sourceTree = "<group>";
		};
		75BC1D972B5E68E200F629C6 /* NiuNiuSay */ = {
			isa = PBXGroup;
			children = (
				7588D0382B6563BC00E0B966 /* sound */,
				75BC1DD02B5EAE3300F629C6 /* Info.plist */,
				75BC1D982B5E68E200F629C6 /* NiuNiuSayApp.swift */,
				75BC1D9A2B5E68E200F629C6 /* ContentView.swift */,
				75BC1D9C2B5E68E300F629C6 /* Assets.xcassets */,
				75BC1D9E2B5E68E300F629C6 /* Preview Content */,
				75BC1DC42B5E787E00F629C6 /* RecorderController.swift */,
				75BC1DC62B5E793500F629C6 /* RecorderDeligate.swift */,
				75BC1DC82B5E97AE00F629C6 /* Buttons.swift */,
				75BC1DCA2B5E981300F629C6 /* PlayerController.swift */,
				75BC1DCC2B5E99CA00F629C6 /* GlobalParams.swift */,
				75ADB1F62B5FEA9F001CFA08 /* SpeechRecognition.swift */,
				75ADB1F82B60B0C7001CFA08 /* SampleSpeakController.swift */,
				7588D0362B655EBB00E0B966 /* GameController.swift */,
			);
			path = NiuNiuSay;
			sourceTree = "<group>";
		};
		75BC1D9E2B5E68E300F629C6 /* Preview Content */ = {
			isa = PBXGroup;
			children = (
				75BC1D9F2B5E68E300F629C6 /* Preview Assets.xcassets */,
			);
			path = "Preview Content";
			sourceTree = "<group>";
		};
		75BC1DA82B5E68E300F629C6 /* NiuNiuSayTests */ = {
			isa = PBXGroup;
			children = (
				75BC1DA92B5E68E300F629C6 /* NiuNiuSayTests.swift */,
			);
			path = NiuNiuSayTests;
			sourceTree = "<group>";
		};
		75BC1DB22B5E68E300F629C6 /* NiuNiuSayUITests */ = {
			isa = PBXGroup;
			children = (
				75BC1DB32B5E68E300F629C6 /* NiuNiuSayUITests.swift */,
				75BC1DB52B5E68E300F629C6 /* NiuNiuSayUITestsLaunchTests.swift */,
			);
			path = NiuNiuSayUITests;
			sourceTree = "<group>";
		};
/* End PBXGroup section */

/* Begin PBXNativeTarget section */
		75BC1D942B5E68E200F629C6 /* NiuNiuSay */ = {
			isa = PBXNativeTarget;
			buildConfigurationList = 75BC1DB92B5E68E300F629C6 /* Build configuration list for PBXNativeTarget "NiuNiuSay" */;
			buildPhases = (
				75BC1D912B5E68E200F629C6 /* Sources */,
				75BC1D922B5E68E200F629C6 /* Frameworks */,
				75BC1D932B5E68E200F629C6 /* Resources */,
			);
			buildRules = (
			);
			dependencies = (
			);
			name = NiuNiuSay;
			productName = NiuNiuSay;
			productReference = 75BC1D952B5E68E200F629C6 /* NiuNiuSay.app */;
			productType = "com.apple.product-type.application";
		};
		75BC1DA42B5E68E300F629C6 /* NiuNiuSayTests */ = {
			isa = PBXNativeTarget;
			buildConfigurationList = 75BC1DBC2B5E68E300F629C6 /* Build configuration list for PBXNativeTarget "NiuNiuSayTests" */;
			buildPhases = (
				75BC1DA12B5E68E300F629C6 /* Sources */,
				75BC1DA22B5E68E300F629C6 /* Frameworks */,
				75BC1DA32B5E68E300F629C6 /* Resources */,
			);
			buildRules = (
			);
			dependencies = (
				75BC1DA72B5E68E300F629C6 /* PBXTargetDependency */,
			);
			name = NiuNiuSayTests;
			productName = NiuNiuSayTests;
			productReference = 75BC1DA52B5E68E300F629C6 /* NiuNiuSayTests.xctest */;
			productType = "com.apple.product-type.bundle.unit-test";
		};
		75BC1DAE2B5E68E300F629C6 /* NiuNiuSayUITests */ = {
			isa = PBXNativeTarget;
			buildConfigurationList = 75BC1DBF2B5E68E300F629C6 /* Build configuration list for PBXNativeTarget "NiuNiuSayUITests" */;
			buildPhases = (
				75BC1DAB2B5E68E300F629C6 /* Sources */,
				75BC1DAC2B5E68E300F629C6 /* Frameworks */,
				75BC1DAD2B5E68E300F629C6 /* Resources */,
			);
			buildRules = (
			);
			dependencies = (
				75BC1DB12B5E68E300F629C6 /* PBXTargetDependency */,
			);
			name = NiuNiuSayUITests;
			productName = NiuNiuSayUITests;
			productReference = 75BC1DAF2B5E68E300F629C6 /* NiuNiuSayUITests.xctest */;
			productType = "com.apple.product-type.bundle.ui-testing";
		};
/* End PBXNativeTarget section */

/* Begin PBXProject section */
		75BC1D8D2B5E68E200F629C6 /* Project object */ = {
			isa = PBXProject;
			attributes = {
				BuildIndependentTargetsInParallel = 1;
				LastSwiftUpdateCheck = 1500;
				LastUpgradeCheck = 1500;
				TargetAttributes = {
					75BC1D942B5E68E200F629C6 = {
						CreatedOnToolsVersion = 15.0;
					};
					75BC1DA42B5E68E300F629C6 = {
						CreatedOnToolsVersion = 15.0;
						TestTargetID = 75BC1D942B5E68E200F629C6;
					};
					75BC1DAE2B5E68E300F629C6 = {
						CreatedOnToolsVersion = 15.0;
						TestTargetID = 75BC1D942B5E68E200F629C6;
					};
				};
			};
			buildConfigurationList = 75BC1D902B5E68E200F629C6 /* Build configuration list for PBXProject "NiuNiuSay" */;
			compatibilityVersion = "Xcode 14.0";
			developmentRegion = en;
			hasScannedForEncodings = 0;
			knownRegions = (
				en,
				Base,
			);
			mainGroup = 75BC1D8C2B5E68E200F629C6;
			productRefGroup = 75BC1D962B5E68E200F629C6 /* Products */;
			projectDirPath = "";
			projectRoot = "";
			targets = (
				75BC1D942B5E68E200F629C6 /* NiuNiuSay */,
				75BC1DA42B5E68E300F629C6 /* NiuNiuSayTests */,
				75BC1DAE2B5E68E300F629C6 /* NiuNiuSayUITests */,
			);
		};
/* End PBXProject section */

/* Begin PBXResourcesBuildPhase section */
		75BC1D932B5E68E200F629C6 /* Resources */ = {
			isa = PBXResourcesBuildPhase;
			buildActionMask = 2147483647;
			files = (
				75BC1DA02B5E68E300F629C6 /* Preview Assets.xcassets in Resources */,
				7588D03A2B6563E300E0B966 /* success.mp3 in Resources */,
				7588D03C2B65652A00E0B966 /* fail.mp3 in Resources */,
				75BC1D9D2B5E68E300F629C6 /* Assets.xcassets in Resources */,
			);
			runOnlyForDeploymentPostprocessing = 0;
		};
		75BC1DA32B5E68E300F629C6 /* Resources */ = {
			isa = PBXResourcesBuildPhase;
			buildActionMask = 2147483647;
			files = (
			);
			runOnlyForDeploymentPostprocessing = 0;
		};
		75BC1DAD2B5E68E300F629C6 /* Resources */ = {
			isa = PBXResourcesBuildPhase;
			buildActionMask = 2147483647;
			files = (
			);
			runOnlyForDeploymentPostprocessing = 0;
		};
/* End PBXResourcesBuildPhase section */

/* Begin PBXSourcesBuildPhase section */
		75BC1D912B5E68E200F629C6 /* Sources */ = {
			isa = PBXSourcesBuildPhase;
			buildActionMask = 2147483647;
			files = (
				75BC1DC92B5E97AE00F629C6 /* Buttons.swift in Sources */,
				7588D0372B655EBB00E0B966 /* GameController.swift in Sources */,
				75BC1DCD2B5E99CA00F629C6 /* GlobalParams.swift in Sources */,
				75BC1DC52B5E787E00F629C6 /* RecorderController.swift in Sources */,
				75ADB1F72B5FEA9F001CFA08 /* SpeechRecognition.swift in Sources */,
				75BC1DCB2B5E981300F629C6 /* PlayerController.swift in Sources */,
				75BC1D9B2B5E68E200F629C6 /* ContentView.swift in Sources */,
				75BC1DC72B5E793500F629C6 /* RecorderDeligate.swift in Sources */,
				75BC1D992B5E68E200F629C6 /* NiuNiuSayApp.swift in Sources */,
				75ADB1F92B60B0C7001CFA08 /* SampleSpeakController.swift in Sources */,
			);
			runOnlyForDeploymentPostprocessing = 0;
		};
		75BC1DA12B5E68E300F629C6 /* Sources */ = {
			isa = PBXSourcesBuildPhase;
			buildActionMask = 2147483647;
			files = (
				75BC1DAA2B5E68E300F629C6 /* NiuNiuSayTests.swift in Sources */,
			);
			runOnlyForDeploymentPostprocessing = 0;
		};
		75BC1DAB2B5E68E300F629C6 /* Sources */ = {
			isa = PBXSourcesBuildPhase;
			buildActionMask = 2147483647;
			files = (
				75BC1DB62B5E68E300F629C6 /* NiuNiuSayUITestsLaunchTests.swift in Sources */,
				75BC1DB42B5E68E300F629C6 /* NiuNiuSayUITests.swift in Sources */,
			);
			runOnlyForDeploymentPostprocessing = 0;
		};
/* End PBXSourcesBuildPhase section */

/* Begin PBXTargetDependency section */
		75BC1DA72B5E68E300F629C6 /* PBXTargetDependency */ = {
			isa = PBXTargetDependency;
			target = 75BC1D942B5E68E200F629C6 /* NiuNiuSay */;
			targetProxy = 75BC1DA62B5E68E300F629C6 /* PBXContainerItemProxy */;
		};
		75BC1DB12B5E68E300F629C6 /* PBXTargetDependency */ = {
			isa = PBXTargetDependency;
			target = 75BC1D942B5E68E200F629C6 /* NiuNiuSay */;
			targetProxy = 75BC1DB02B5E68E300F629C6 /* PBXContainerItemProxy */;
		};
/* End PBXTargetDependency section */

/* Begin XCBuildConfiguration section */
		75BC1DB72B5E68E300F629C6 /* Debug */ = {
			isa = XCBuildConfiguration;
			buildSettings = {
				ALWAYS_SEARCH_USER_PATHS = NO;
				ASSETCATALOG_COMPILER_GENERATE_SWIFT_ASSET_SYMBOL_EXTENSIONS = YES;
				CLANG_ANALYZER_NONNULL = YES;
				CLANG_ANALYZER_NUMBER_OBJECT_CONVERSION = YES_AGGRESSIVE;
				CLANG_CXX_LANGUAGE_STANDARD = "gnu++20";
				CLANG_ENABLE_MODULES = YES;
				CLANG_ENABLE_OBJC_ARC = YES;
				CLANG_ENABLE_OBJC_WEAK = YES;
				CLANG_WARN_BLOCK_CAPTURE_AUTORELEASING = YES;
				CLANG_WARN_BOOL_CONVERSION = YES;
				CLANG_WARN_COMMA = YES;
				CLANG_WARN_CONSTANT_CONVERSION = YES;
				CLANG_WARN_DEPRECATED_OBJC_IMPLEMENTATIONS = YES;
				CLANG_WARN_DIRECT_OBJC_ISA_USAGE = YES_ERROR;
				CLANG_WARN_DOCUMENTATION_COMMENTS = YES;
				CLANG_WARN_EMPTY_BODY = YES;
				CLANG_WARN_ENUM_CONVERSION = YES;
				CLANG_WARN_INFINITE_RECURSION = YES;
				CLANG_WARN_INT_CONVERSION = YES;
				CLANG_WARN_NON_LITERAL_NULL_CONVERSION = YES;
				CLANG_WARN_OBJC_IMPLICIT_RETAIN_SELF = YES;
				CLANG_WARN_OBJC_LITERAL_CONVERSION = YES;
				CLANG_WARN_OBJC_ROOT_CLASS = YES_ERROR;
				CLANG_WARN_QUOTED_INCLUDE_IN_FRAMEWORK_HEADER = YES;
				CLANG_WARN_RANGE_LOOP_ANALYSIS = YES;
				CLANG_WARN_STRICT_PROTOTYPES = YES;
				CLANG_WARN_SUSPICIOUS_MOVE = YES;
				CLANG_WARN_UNGUARDED_AVAILABILITY = YES_AGGRESSIVE;
				CLANG_WARN_UNREACHABLE_CODE = YES;
				CLANG_WARN__DUPLICATE_METHOD_MATCH = YES;
				COPY_PHASE_STRIP = NO;
				DEBUG_INFORMATION_FORMAT = dwarf;
				ENABLE_STRICT_OBJC_MSGSEND = YES;
				ENABLE_TESTABILITY = YES;
				ENABLE_USER_SCRIPT_SANDBOXING = YES;
				GCC_C_LANGUAGE_STANDARD = gnu17;
				GCC_DYNAMIC_NO_PIC = NO;
				GCC_NO_COMMON_BLOCKS = YES;
				GCC_OPTIMIZATION_LEVEL = 0;
				GCC_PREPROCESSOR_DEFINITIONS = (
					"DEBUG=1",
					"$(inherited)",
				);
				GCC_WARN_64_TO_32_BIT_CONVERSION = YES;
				GCC_WARN_ABOUT_RETURN_TYPE = YES_ERROR;
				GCC_WARN_UNDECLARED_SELECTOR = YES;
				GCC_WARN_UNINITIALIZED_AUTOS = YES_AGGRESSIVE;
				GCC_WARN_UNUSED_FUNCTION = YES;
				GCC_WARN_UNUSED_VARIABLE = YES;
				IPHONEOS_DEPLOYMENT_TARGET = 17.0;
				LOCALIZATION_PREFERS_STRING_CATALOGS = YES;
				MTL_ENABLE_DEBUG_INFO = INCLUDE_SOURCE;
				MTL_FAST_MATH = YES;
				ONLY_ACTIVE_ARCH = YES;
				SDKROOT = iphoneos;
				SWIFT_ACTIVE_COMPILATION_CONDITIONS = "DEBUG $(inherited)";
				SWIFT_OPTIMIZATION_LEVEL = "-Onone";
			};
			name = Debug;
		};
		75BC1DB82B5E68E300F629C6 /* Release */ = {
			isa = XCBuildConfiguration;
			buildSettings = {
				ALWAYS_SEARCH_USER_PATHS = NO;
				ASSETCATALOG_COMPILER_GENERATE_SWIFT_ASSET_SYMBOL_EXTENSIONS = YES;
				CLANG_ANALYZER_NONNULL = YES;
				CLANG_ANALYZER_NUMBER_OBJECT_CONVERSION = YES_AGGRESSIVE;
				CLANG_CXX_LANGUAGE_STANDARD = "gnu++20";
				CLANG_ENABLE_MODULES = YES;
				CLANG_ENABLE_OBJC_ARC = YES;
				CLANG_ENABLE_OBJC_WEAK = YES;
				CLANG_WARN_BLOCK_CAPTURE_AUTORELEASING = YES;
				CLANG_WARN_BOOL_CONVERSION = YES;
				CLANG_WARN_COMMA = YES;
				CLANG_WARN_CONSTANT_CONVERSION = YES;
				CLANG_WARN_DEPRECATED_OBJC_IMPLEMENTATIONS = YES;
				CLANG_WARN_DIRECT_OBJC_ISA_USAGE = YES_ERROR;
				CLANG_WARN_DOCUMENTATION_COMMENTS = YES;
				CLANG_WARN_EMPTY_BODY = YES;
				CLANG_WARN_ENUM_CONVERSION = YES;
				CLANG_WARN_INFINITE_RECURSION = YES;
				CLANG_WARN_INT_CONVERSION = YES;
				CLANG_WARN_NON_LITERAL_NULL_CONVERSION = YES;
				CLANG_WARN_OBJC_IMPLICIT_RETAIN_SELF = YES;
				CLANG_WARN_OBJC_LITERAL_CONVERSION = YES;
				CLANG_WARN_OBJC_ROOT_CLASS = YES_ERROR;
				CLANG_WARN_QUOTED_INCLUDE_IN_FRAMEWORK_HEADER = YES;
				CLANG_WARN_RANGE_LOOP_ANALYSIS = YES;
				CLANG_WARN_STRICT_PROTOTYPES = YES;
				CLANG_WARN_SUSPICIOUS_MOVE = YES;
				CLANG_WARN_UNGUARDED_AVAILABILITY = YES_AGGRESSIVE;
				CLANG_WARN_UNREACHABLE_CODE = YES;
				CLANG_WARN__DUPLICATE_METHOD_MATCH = YES;
				COPY_PHASE_STRIP = NO;
				DEBUG_INFORMATION_FORMAT = "dwarf-with-dsym";
				ENABLE_NS_ASSERTIONS = NO;
				ENABLE_STRICT_OBJC_MSGSEND = YES;
				ENABLE_USER_SCRIPT_SANDBOXING = YES;
				GCC_C_LANGUAGE_STANDARD = gnu17;
				GCC_NO_COMMON_BLOCKS = YES;
				GCC_WARN_64_TO_32_BIT_CONVERSION = YES;
				GCC_WARN_ABOUT_RETURN_TYPE = YES_ERROR;
				GCC_WARN_UNDECLARED_SELECTOR = YES;
				GCC_WARN_UNINITIALIZED_AUTOS = YES_AGGRESSIVE;
				GCC_WARN_UNUSED_FUNCTION = YES;
				GCC_WARN_UNUSED_VARIABLE = YES;
				IPHONEOS_DEPLOYMENT_TARGET = 17.0;
				LOCALIZATION_PREFERS_STRING_CATALOGS = YES;
				MTL_ENABLE_DEBUG_INFO = NO;
				MTL_FAST_MATH = YES;
				SDKROOT = iphoneos;
				SWIFT_COMPILATION_MODE = wholemodule;
				VALIDATE_PRODUCT = YES;
			};
			name = Release;
		};
		75BC1DBA2B5E68E300F629C6 /* Debug */ = {
			isa = XCBuildConfiguration;
			buildSettings = {
				ASSETCATALOG_COMPILER_APPICON_NAME = AppIcon;
				ASSETCATALOG_COMPILER_GLOBAL_ACCENT_COLOR_NAME = AccentColor;
				CODE_SIGN_STYLE = Automatic;
				CURRENT_PROJECT_VERSION = 1;
				DEVELOPMENT_ASSET_PATHS = "\"NiuNiuSay/Preview Content\"";
				DEVELOPMENT_TEAM = XP242N85BR;
				ENABLE_PREVIEWS = YES;
				GENERATE_INFOPLIST_FILE = YES;
				INFOPLIST_FILE = NiuNiuSay/Info.plist;
				INFOPLIST_KEY_CFBundleDisplayName = "妞妞说";
				INFOPLIST_KEY_LSApplicationCategoryType = "public.app-category.education";
				INFOPLIST_KEY_NSMicrophoneUsageDescription = "我们需要访问您的麦克风，以便进行语音录音用于学习英语。";
				INFOPLIST_KEY_NSSpeechRecognitionUsageDescription = "让我来帮你识别语音输入的内容";
				INFOPLIST_KEY_UIApplicationSceneManifest_Generation = YES;
				INFOPLIST_KEY_UIApplicationSupportsIndirectInputEvents = YES;
				INFOPLIST_KEY_UILaunchScreen_Generation = YES;
				INFOPLIST_KEY_UISupportedInterfaceOrientations_iPad = "UIInterfaceOrientationPortrait UIInterfaceOrientationPortraitUpsideDown UIInterfaceOrientationLandscapeLeft UIInterfaceOrientationLandscapeRight";
				INFOPLIST_KEY_UISupportedInterfaceOrientations_iPhone = "UIInterfaceOrientationPortrait UIInterfaceOrientationLandscapeLeft UIInterfaceOrientationLandscapeRight";
				LD_RUNPATH_SEARCH_PATHS = (
					"$(inherited)",
					"@executable_path/Frameworks",
				);
				MARKETING_VERSION = 1.0;
				PRODUCT_BUNDLE_IDENTIFIER = com.bluefin.nnsay;
				PRODUCT_NAME = "$(TARGET_NAME)";
				SWIFT_EMIT_LOC_STRINGS = YES;
				SWIFT_VERSION = 5.0;
				TARGETED_DEVICE_FAMILY = "1,2";
			};
			name = Debug;
		};
		75BC1DBB2B5E68E300F629C6 /* Release */ = {
			isa = XCBuildConfiguration;
			buildSettings = {
				ASSETCATALOG_COMPILER_APPICON_NAME = AppIcon;
				ASSETCATALOG_COMPILER_GLOBAL_ACCENT_COLOR_NAME = AccentColor;
				CODE_SIGN_STYLE = Automatic;
				CURRENT_PROJECT_VERSION = 1;
				DEVELOPMENT_ASSET_PATHS = "\"NiuNiuSay/Preview Content\"";
				DEVELOPMENT_TEAM = XP242N85BR;
				ENABLE_PREVIEWS = YES;
				GENERATE_INFOPLIST_FILE = YES;
				INFOPLIST_FILE = NiuNiuSay/Info.plist;
				INFOPLIST_KEY_CFBundleDisplayName = "妞妞说";
				INFOPLIST_KEY_LSApplicationCategoryType = "public.app-category.education";
				INFOPLIST_KEY_NSMicrophoneUsageDescription = "我们需要访问您的麦克风，以便进行语音录音用于学习英语。";
				INFOPLIST_KEY_NSSpeechRecognitionUsageDescription = "让我来帮你识别语音输入的内容";
				INFOPLIST_KEY_UIApplicationSceneManifest_Generation = YES;
				INFOPLIST_KEY_UIApplicationSupportsIndirectInputEvents = YES;
				INFOPLIST_KEY_UILaunchScreen_Generation = YES;
				INFOPLIST_KEY_UISupportedInterfaceOrientations_iPad = "UIInterfaceOrientationPortrait UIInterfaceOrientationPortraitUpsideDown UIInterfaceOrientationLandscapeLeft UIInterfaceOrientationLandscapeRight";
				INFOPLIST_KEY_UISupportedInterfaceOrientations_iPhone = "UIInterfaceOrientationPortrait UIInterfaceOrientationLandscapeLeft UIInterfaceOrientationLandscapeRight";
				LD_RUNPATH_SEARCH_PATHS = (
					"$(inherited)",
					"@executable_path/Frameworks",
				);
				MARKETING_VERSION = 1.0;
				PRODUCT_BUNDLE_IDENTIFIER = com.bluefin.nnsay;
				PRODUCT_NAME = "$(TARGET_NAME)";
				SWIFT_EMIT_LOC_STRINGS = YES;
				SWIFT_VERSION = 5.0;
				TARGETED_DEVICE_FAMILY = "1,2";
			};
			name = Release;
		};
		75BC1DBD2B5E68E300F629C6 /* Debug */ = {
			isa = XCBuildConfiguration;
			buildSettings = {
				ALWAYS_EMBED_SWIFT_STANDARD_LIBRARIES = YES;
				BUNDLE_LOADER = "$(TEST_HOST)";
				CODE_SIGN_STYLE = Automatic;
				CURRENT_PROJECT_VERSION = 1;
				GENERATE_INFOPLIST_FILE = YES;
				IPHONEOS_DEPLOYMENT_TARGET = 17.0;
				MARKETING_VERSION = 1.0;
				PRODUCT_BUNDLE_IDENTIFIER = com.bluefin.NiuNiuSayTests;
				PRODUCT_NAME = "$(TARGET_NAME)";
				SWIFT_EMIT_LOC_STRINGS = NO;
				SWIFT_VERSION = 5.0;
				TARGETED_DEVICE_FAMILY = "1,2";
				TEST_HOST = "$(BUILT_PRODUCTS_DIR)/NiuNiuSay.app/$(BUNDLE_EXECUTABLE_FOLDER_PATH)/NiuNiuSay";
			};
			name = Debug;
		};
		75BC1DBE2B5E68E300F629C6 /* Release */ = {
			isa = XCBuildConfiguration;
			buildSettings = {
				ALWAYS_EMBED_SWIFT_STANDARD_LIBRARIES = YES;
				BUNDLE_LOADER = "$(TEST_HOST)";
				CODE_SIGN_STYLE = Automatic;
				CURRENT_PROJECT_VERSION = 1;
				GENERATE_INFOPLIST_FILE = YES;
				IPHONEOS_DEPLOYMENT_TARGET = 17.0;
				MARKETING_VERSION = 1.0;
				PRODUCT_BUNDLE_IDENTIFIER = com.bluefin.NiuNiuSayTests;
				PRODUCT_NAME = "$(TARGET_NAME)";
				SWIFT_EMIT_LOC_STRINGS = NO;
				SWIFT_VERSION = 5.0;
				TARGETED_DEVICE_FAMILY = "1,2";
				TEST_HOST = "$(BUILT_PRODUCTS_DIR)/NiuNiuSay.app/$(BUNDLE_EXECUTABLE_FOLDER_PATH)/NiuNiuSay";
			};
			name = Release;
		};
		75BC1DC02B5E68E300F629C6 /* Debug */ = {
			isa = XCBuildConfiguration;
			buildSettings = {
				ALWAYS_EMBED_SWIFT_STANDARD_LIBRARIES = YES;
				CODE_SIGN_STYLE = Automatic;
				CURRENT_PROJECT_VERSION = 1;
				GENERATE_INFOPLIST_FILE = YES;
				MARKETING_VERSION = 1.0;
				PRODUCT_BUNDLE_IDENTIFIER = com.bluefin.NiuNiuSayUITests;
				PRODUCT_NAME = "$(TARGET_NAME)";
				SWIFT_EMIT_LOC_STRINGS = NO;
				SWIFT_VERSION = 5.0;
				TARGETED_DEVICE_FAMILY = "1,2";
				TEST_TARGET_NAME = NiuNiuSay;
			};
			name = Debug;
		};
		75BC1DC12B5E68E300F629C6 /* Release */ = {
			isa = XCBuildConfiguration;
			buildSettings = {
				ALWAYS_EMBED_SWIFT_STANDARD_LIBRARIES = YES;
				CODE_SIGN_STYLE = Automatic;
				CURRENT_PROJECT_VERSION = 1;
				GENERATE_INFOPLIST_FILE = YES;
				MARKETING_VERSION = 1.0;
				PRODUCT_BUNDLE_IDENTIFIER = com.bluefin.NiuNiuSayUITests;
				PRODUCT_NAME = "$(TARGET_NAME)";
				SWIFT_EMIT_LOC_STRINGS = NO;
				SWIFT_VERSION = 5.0;
				TARGETED_DEVICE_FAMILY = "1,2";
				TEST_TARGET_NAME = NiuNiuSay;
			};
			name = Release;
		};
/* End XCBuildConfiguration section */

/* Begin XCConfigurationList section */
		75BC1D902B5E68E200F629C6 /* Build configuration list for PBXProject "NiuNiuSay" */ = {
			isa = XCConfigurationList;
			buildConfigurations = (
				75BC1DB72B5E68E300F629C6 /* Debug */,
				75BC1DB82B5E68E300F629C6 /* Release */,
			);
			defaultConfigurationIsVisible = 0;
			defaultConfigurationName = Release;
		};
		75BC1DB92B5E68E300F629C6 /* Build configuration list for PBXNativeTarget "NiuNiuSay" */ = {
			isa = XCConfigurationList;
			buildConfigurations = (
				75BC1DBA2B5E68E300F629C6 /* Debug */,
				75BC1DBB2B5E68E300F629C6 /* Release */,
			);
			defaultConfigurationIsVisible = 0;
			defaultConfigurationName = Release;
		};
		75BC1DBC2B5E68E300F629C6 /* Build configuration list for PBXNativeTarget "NiuNiuSayTests" */ = {
			isa = XCConfigurationList;
			buildConfigurations = (
				75BC1DBD2B5E68E300F629C6 /* Debug */,
				75BC1DBE2B5E68E300F629C6 /* Release */,
			);
			defaultConfigurationIsVisible = 0;
			defaultConfigurationName = Release;
		};
		75BC1DBF2B5E68E300F629C6 /* Build configuration list for PBXNativeTarget "NiuNiuSayUITests" */ = {
			isa = XCConfigurationList;
			buildConfigurations = (
				75BC1DC02B5E68E300F629C6 /* Debug */,
				75BC1DC12B5E68E300F629C6 /* Release */,
			);
			defaultConfigurationIsVisible = 0;
			defaultConfigurationName = Release;
		};
/* End XCConfigurationList section */
	};
	rootObject = 75BC1D8D2B5E68E200F629C6 /* Project object */;
}
